
Microsoft Visual Studio Solution File, Format Version 12.00
# Visual Studio Version 16
VisualStudioVersion = 16.0.29806.167
MinimumVisualStudioVersion = 10.0.40219.1
Project("{9A19103F-16F7-4668-BE54-9A1E7A4F7556}") = "Inception.Web", "src\Inception.Web\Inception.Web.csproj", "{15268146-6DA3-43D5-84A5-A25CD183BAC0}"
EndProject
Project("{2150E333-8FDC-42A3-9474-1A3956D46DE8}") = "src", "src", "{AB005B9A-9874-473C-97E2-872EB0D34131}"
EndProject
Project("{2150E333-8FDC-42A3-9474-1A3956D46DE8}") = "1 - Presentation", "1 - Presentation", "{21588255-92E7-4D78-9A03-274BC293A90A}"
EndProject
Project("{2150E333-8FDC-42A3-9474-1A3956D46DE8}") = "2 - Application", "2 - Application", "{EF3F8770-4D69-40B2-A904-FCBAE3F3821F}"
EndProject
Project("{2150E333-8FDC-42A3-9474-1A3956D46DE8}") = "3 - Domain", "3 - Domain", "{7AD72C91-3629-4CEA-8F2E-F662AB8E9D3C}"
EndProject
Project("{2150E333-8FDC-42A3-9474-1A3956D46DE8}") = "4 - Infra", "4 - Infra", "{EDB5FA45-220D-4D51-86B5-E6CDE69A6C39}"
EndProject
Project("{2150E333-8FDC-42A3-9474-1A3956D46DE8}") = "4.1 - Data", "4.1 - Data", "{73552175-5FCF-48D1-84F2-2E766C8C5AF8}"
EndProject
Project("{2150E333-8FDC-42A3-9474-1A3956D46DE8}") = "4.2 - Datatools", "4.2 - Datatools", "{5C98C409-8BB8-4A44-B1F3-9B0E69CE1202}"
EndProject
Project("{2150E333-8FDC-42A3-9474-1A3956D46DE8}") = "4.3 - CrossCutting", "4.3 - CrossCutting", "{E85F8830-01F0-4117-9C5F-F9AA044C3EB0}"
EndProject
Project("{9A19103F-16F7-4668-BE54-9A1E7A4F7556}") = "Inception.Application", "src\Inception.Application\Inception.Application.csproj", "{0AAF2C87-3901-4734-AFAD-1053B1F46858}"
EndProject
Project("{9A19103F-16F7-4668-BE54-9A1E7A4F7556}") = "Inception.IOC", "src\Inception.IOC\Inception.IOC.csproj", "{56717481-3DA0-4956-9F6C-2682E9F4C156}"
EndProject
Project("{9A19103F-16F7-4668-BE54-9A1E7A4F7556}") = "Inception.Domain", "src\Inception.Domain\Inception.Domain.csproj", "{E5C96A8D-0DAE-43A5-8652-AC12C9589B40}"
EndProject
Project("{9A19103F-16F7-4668-BE54-9A1E7A4F7556}") = "Inception.Data", "src\Inception.Data\Inception.Data.csproj", "{C789170F-731E-4D0C-9998-CBFB55392E8D}"
EndProject
Project("{2150E333-8FDC-42A3-9474-1A3956D46DE8}") = "tests", "tests", "{E5036434-4282-481C-8750-80FB3A6EDFFB}"
EndProject
Project("{2150E333-8FDC-42A3-9474-1A3956D46DE8}") = "Domain", "Domain", "{2A5E6980-9AD2-4849-9CBC-5B0B908DF32B}"
EndProject
Project("{9A19103F-16F7-4668-BE54-9A1E7A4F7556}") = "Inception.Test.Domain", "tests\Inception.Test.Domain\Inception.Test.Domain.csproj", "{513A83CA-F38C-48E8-ABB8-5CC4E66C9CCF}"
EndProject
Project("{00D1A9C2-B5F0-4AF3-8072-F6C62B433612}") = "Inception.Datatools", "src\Inception.Datatools\Inception.Datatools.sqlproj", "{A10D5FA7-1D5E-4189-8AC0-BB3BCF3F9FDD}"
EndProject
Project("{9A19103F-16F7-4668-BE54-9A1E7A4F7556}") = "Inception.CrossCutting", "src\Inception.CrossCutting\Inception.CrossCutting.csproj", "{F5C6F534-EAF9-46B7-8625-E25F3BF38929}"
EndProject
Project("{2150E333-8FDC-42A3-9474-1A3956D46DE8}") = "4.4 - FileWatch", "4.4 - FileWatch", "{F695E51C-B8E7-46E0-9E38-AFF5206C47FC}"
EndProject
Project("{FAE04EC0-301F-11D3-BF4B-00C04F79EFBC}") = "Inception.FileWatch", "src\Inception.FileWatch\Inception.FileWatch.csproj", "{7123A9FD-F96E-43DD-A8C0-3BC42C9862D2}"
EndProject
Global
	GlobalSection(SolutionConfigurationPlatforms) = preSolution
		Debug|Any CPU = Debug|Any CPU
		Release|Any CPU = Release|Any CPU
	EndGlobalSection
	GlobalSection(ProjectConfigurationPlatforms) = postSolution
		{15268146-6DA3-43D5-84A5-A25CD183BAC0}.Debug|Any CPU.ActiveCfg = Debug|Any CPU
		{15268146-6DA3-43D5-84A5-A25CD183BAC0}.Debug|Any CPU.Build.0 = Debug|Any CPU
		{15268146-6DA3-43D5-84A5-A25CD183BAC0}.Release|Any CPU.ActiveCfg = Release|Any CPU
		{15268146-6DA3-43D5-84A5-A25CD183BAC0}.Release|Any CPU.Build.0 = Release|Any CPU
		{0AAF2C87-3901-4734-AFAD-1053B1F46858}.Debug|Any CPU.ActiveCfg = Debug|Any CPU
		{0AAF2C87-3901-4734-AFAD-1053B1F46858}.Debug|Any CPU.Build.0 = Debug|Any CPU
		{0AAF2C87-3901-4734-AFAD-1053B1F46858}.Release|Any CPU.ActiveCfg = Release|Any CPU
		{0AAF2C87-3901-4734-AFAD-1053B1F46858}.Release|Any CPU.Build.0 = Release|Any CPU
		{56717481-3DA0-4956-9F6C-2682E9F4C156}.Debug|Any CPU.ActiveCfg = Debug|Any CPU
		{56717481-3DA0-4956-9F6C-2682E9F4C156}.Debug|Any CPU.Build.0 = Debug|Any CPU
		{56717481-3DA0-4956-9F6C-2682E9F4C156}.Release|Any CPU.ActiveCfg = Release|Any CPU
		{56717481-3DA0-4956-9F6C-2682E9F4C156}.Release|Any CPU.Build.0 = Release|Any CPU
		{E5C96A8D-0DAE-43A5-8652-AC12C9589B40}.Debug|Any CPU.ActiveCfg = Debug|Any CPU
		{E5C96A8D-0DAE-43A5-8652-AC12C9589B40}.Debug|Any CPU.Build.0 = Debug|Any CPU
		{E5C96A8D-0DAE-43A5-8652-AC12C9589B40}.Release|Any CPU.ActiveCfg = Release|Any CPU
		{E5C96A8D-0DAE-43A5-8652-AC12C9589B40}.Release|Any CPU.Build.0 = Release|Any CPU
		{C789170F-731E-4D0C-9998-CBFB55392E8D}.Debug|Any CPU.ActiveCfg = Debug|Any CPU
		{C789170F-731E-4D0C-9998-CBFB55392E8D}.Debug|Any CPU.Build.0 = Debug|Any CPU
		{C789170F-731E-4D0C-9998-CBFB55392E8D}.Release|Any CPU.ActiveCfg = Release|Any CPU
		{C789170F-731E-4D0C-9998-CBFB55392E8D}.Release|Any CPU.Build.0 = Release|Any CPU
		{513A83CA-F38C-48E8-ABB8-5CC4E66C9CCF}.Debug|Any CPU.ActiveCfg = Debug|Any CPU
		{513A83CA-F38C-48E8-ABB8-5CC4E66C9CCF}.Debug|Any CPU.Build.0 = Debug|Any CPU
		{513A83CA-F38C-48E8-ABB8-5CC4E66C9CCF}.Release|Any CPU.ActiveCfg = Release|Any CPU
		{513A83CA-F38C-48E8-ABB8-5CC4E66C9CCF}.Release|Any CPU.Build.0 = Release|Any CPU
		{A10D5FA7-1D5E-4189-8AC0-BB3BCF3F9FDD}.Debug|Any CPU.ActiveCfg = Debug|Any CPU
		{A10D5FA7-1D5E-4189-8AC0-BB3BCF3F9FDD}.Debug|Any CPU.Build.0 = Debug|Any CPU
		{A10D5FA7-1D5E-4189-8AC0-BB3BCF3F9FDD}.Debug|Any CPU.Deploy.0 = Debug|Any CPU
		{A10D5FA7-1D5E-4189-8AC0-BB3BCF3F9FDD}.Release|Any CPU.ActiveCfg = Release|Any CPU
		{A10D5FA7-1D5E-4189-8AC0-BB3BCF3F9FDD}.Release|Any CPU.Build.0 = Release|Any CPU
		{A10D5FA7-1D5E-4189-8AC0-BB3BCF3F9FDD}.Release|Any CPU.Deploy.0 = Release|Any CPU
		{F5C6F534-EAF9-46B7-8625-E25F3BF38929}.Debug|Any CPU.ActiveCfg = Debug|Any CPU
		{F5C6F534-EAF9-46B7-8625-E25F3BF38929}.Debug|Any CPU.Build.0 = Debug|Any CPU
		{F5C6F534-EAF9-46B7-8625-E25F3BF38929}.Release|Any CPU.ActiveCfg = Release|Any CPU
		{F5C6F534-EAF9-46B7-8625-E25F3BF38929}.Release|Any CPU.Build.0 = Release|Any CPU
		{7123A9FD-F96E-43DD-A8C0-3BC42C9862D2}.Debug|Any CPU.ActiveCfg = Debug|Any CPU
		{7123A9FD-F96E-43DD-A8C0-3BC42C9862D2}.Debug|Any CPU.Build.0 = Debug|Any CPU
		{7123A9FD-F96E-43DD-A8C0-3BC42C9862D2}.Release|Any CPU.ActiveCfg = Release|Any CPU
		{7123A9FD-F96E-43DD-A8C0-3BC42C9862D2}.Release|Any CPU.Build.0 = Release|Any CPU
	EndGlobalSection
	GlobalSection(SolutionProperties) = preSolution
		HideSolutionNode = FALSE
	EndGlobalSection
	GlobalSection(NestedProjects) = preSolution
		{15268146-6DA3-43D5-84A5-A25CD183BAC0} = {21588255-92E7-4D78-9A03-274BC293A90A}
		{21588255-92E7-4D78-9A03-274BC293A90A} = {AB005B9A-9874-473C-97E2-872EB0D34131}
		{EF3F8770-4D69-40B2-A904-FCBAE3F3821F} = {AB005B9A-9874-473C-97E2-872EB0D34131}
		{7AD72C91-3629-4CEA-8F2E-F662AB8E9D3C} = {AB005B9A-9874-473C-97E2-872EB0D34131}
		{EDB5FA45-220D-4D51-86B5-E6CDE69A6C39} = {AB005B9A-9874-473C-97E2-872EB0D34131}
		{73552175-5FCF-48D1-84F2-2E766C8C5AF8} = {EDB5FA45-220D-4D51-86B5-E6CDE69A6C39}
		{5C98C409-8BB8-4A44-B1F3-9B0E69CE1202} = {EDB5FA45-220D-4D51-86B5-E6CDE69A6C39}
		{E85F8830-01F0-4117-9C5F-F9AA044C3EB0} = {EDB5FA45-220D-4D51-86B5-E6CDE69A6C39}
		{0AAF2C87-3901-4734-AFAD-1053B1F46858} = {EF3F8770-4D69-40B2-A904-FCBAE3F3821F}
		{56717481-3DA0-4956-9F6C-2682E9F4C156} = {E85F8830-01F0-4117-9C5F-F9AA044C3EB0}
		{E5C96A8D-0DAE-43A5-8652-AC12C9589B40} = {7AD72C91-3629-4CEA-8F2E-F662AB8E9D3C}
		{C789170F-731E-4D0C-9998-CBFB55392E8D} = {73552175-5FCF-48D1-84F2-2E766C8C5AF8}
		{2A5E6980-9AD2-4849-9CBC-5B0B908DF32B} = {E5036434-4282-481C-8750-80FB3A6EDFFB}
		{513A83CA-F38C-48E8-ABB8-5CC4E66C9CCF} = {2A5E6980-9AD2-4849-9CBC-5B0B908DF32B}
		{A10D5FA7-1D5E-4189-8AC0-BB3BCF3F9FDD} = {5C98C409-8BB8-4A44-B1F3-9B0E69CE1202}
		{F5C6F534-EAF9-46B7-8625-E25F3BF38929} = {E85F8830-01F0-4117-9C5F-F9AA044C3EB0}
		{F695E51C-B8E7-46E0-9E38-AFF5206C47FC} = {EDB5FA45-220D-4D51-86B5-E6CDE69A6C39}
		{7123A9FD-F96E-43DD-A8C0-3BC42C9862D2} = {F695E51C-B8E7-46E0-9E38-AFF5206C47FC}
	EndGlobalSection
	GlobalSection(ExtensibilityGlobals) = postSolution
		SolutionGuid = {C1C83550-A393-48A0-9734-1F2BC76249D6}
	EndGlobalSection
EndGlobal
